
Microsoft Visual Studio Solution File, Format Version 12.00
# Visual Studio Version 17
VisualStudioVersion = 17.11.35312.102
MinimumVisualStudioVersion = 10.0.40219.1
Project("{9A19103F-16F7-4668-BE54-9A1E7A4F7556}") = "PulpTicket", "PulpTicket\PulpTicket.csproj", "{97569782-6933-4D99-8A23-7C1F370AF6DE}"
EndProject
Project("{9A19103F-16F7-4668-BE54-9A1E7A4F7556}") = "PulpTicket.Application", "PulpTicket.Application\PulpTicket.Application.csproj", "{FF7A34FD-E49A-464C-B630-153F18B66F67}"
EndProject
Project("{9A19103F-16F7-4668-BE54-9A1E7A4F7556}") = "PulpTicket.Domain", "PulpTicket.Domain\PulpTicket.Domain.csproj", "{EDA495E6-7628-4C8A-B2B7-18E29AD2882A}"
EndProject
Project("{9A19103F-16F7-4668-BE54-9A1E7A4F7556}") = "PulpTicket.Infrastructure", "PulpTicket.Infrastructure\PulpTicket.Infrastructure.csproj", "{433FC8F5-4F64-4AB2-AEC3-C91ED394AE2A}"
EndProject
Global
	GlobalSection(SolutionConfigurationPlatforms) = preSolution
		Debug|Any CPU = Debug|Any CPU
		Release|Any CPU = Release|Any CPU
	EndGlobalSection
	GlobalSection(ProjectConfigurationPlatforms) = postSolution
		{97569782-6933-4D99-8A23-7C1F370AF6DE}.Debug|Any CPU.ActiveCfg = Debug|Any CPU
		{97569782-6933-4D99-8A23-7C1F370AF6DE}.Debug|Any CPU.Build.0 = Debug|Any CPU
		{97569782-6933-4D99-8A23-7C1F370AF6DE}.Release|Any CPU.ActiveCfg = Release|Any CPU
		{97569782-6933-4D99-8A23-7C1F370AF6DE}.Release|Any CPU.Build.0 = Release|Any CPU
		{FF7A34FD-E49A-464C-B630-153F18B66F67}.Debug|Any CPU.ActiveCfg = Debug|Any CPU
		{FF7A34FD-E49A-464C-B630-153F18B66F67}.Debug|Any CPU.Build.0 = Debug|Any CPU
		{FF7A34FD-E49A-464C-B630-153F18B66F67}.Release|Any CPU.ActiveCfg = Release|Any CPU
		{FF7A34FD-E49A-464C-B630-153F18B66F67}.Release|Any CPU.Build.0 = Release|Any CPU
		{EDA495E6-7628-4C8A-B2B7-18E29AD2882A}.Debug|Any CPU.ActiveCfg = Debug|Any CPU
		{EDA495E6-7628-4C8A-B2B7-18E29AD2882A}.Debug|Any CPU.Build.0 = Debug|Any CPU
		{EDA495E6-7628-4C8A-B2B7-18E29AD2882A}.Release|Any CPU.ActiveCfg = Release|Any CPU
		{EDA495E6-7628-4C8A-B2B7-18E29AD2882A}.Release|Any CPU.Build.0 = Release|Any CPU
		{433FC8F5-4F64-4AB2-AEC3-C91ED394AE2A}.Debug|Any CPU.ActiveCfg = Debug|Any CPU
		{433FC8F5-4F64-4AB2-AEC3-C91ED394AE2A}.Debug|Any CPU.Build.0 = Debug|Any CPU
		{433FC8F5-4F64-4AB2-AEC3-C91ED394AE2A}.Release|Any CPU.ActiveCfg = Release|Any CPU
		{433FC8F5-4F64-4AB2-AEC3-C91ED394AE2A}.Release|Any CPU.Build.0 = Release|Any CPU
	EndGlobalSection
	GlobalSection(SolutionProperties) = preSolution
		HideSolutionNode = FALSE
	EndGlobalSection
	GlobalSection(ExtensibilityGlobals) = postSolution
		SolutionGuid = {491E8AA5-6892-4285-8534-211A13FA3663}
	EndGlobalSection
EndGlobal
